
Microsoft Visual Studio Solution File, Format Version 12.00
# Visual Studio Version 16
VisualStudioVersion = 16.0.31321.278
MinimumVisualStudioVersion = 10.0.40219.1
Project("{FAE04EC0-301F-11D3-BF4B-00C04F79EFBC}") = "Car Racing Game", "Car Racing Game\Car Racing Game.csproj", "{B387536C-1546-4E65-A4A2-1850F80389F9}"
EndProject
Global
	GlobalSection(SolutionConfigurationPlatforms) = preSolution
		Debug|Any CPU = Debug|Any CPU
		Release|Any CPU = Release|Any CPU
	EndGlobalSection
	GlobalSection(ProjectConfigurationPlatforms) = postSolution
		{B387536C-1546-4E65-A4A2-1850F80389F9}.Debug|Any CPU.ActiveCfg = Debug|Any CPU
		{B387536C-1546-4E65-A4A2-1850F80389F9}.Debug|Any CPU.Build.0 = Debug|Any CPU
		{B387536C-1546-4E65-A4A2-1850F80389F9}.Release|Any CPU.ActiveCfg = Release|Any CPU
		{B387536C-1546-4E65-A4A2-1850F80389F9}.Release|Any CPU.Build.0 = Release|Any CPU
	EndGlobalSection
	GlobalSection(SolutionProperties) = preSolution
		HideSolutionNode = FALSE
	EndGlobalSection
	GlobalSection(ExtensibilityGlobals) = postSolution
		SolutionGuid = {97A753F8-CC2C-412E-BBD6-56E931712D0F}
	EndGlobalSection
EndGlobal
